
Microsoft Visual Studio Solution File, Format Version 12.00
# Visual Studio Version 17
VisualStudioVersion = 17.10.35027.167
MinimumVisualStudioVersion = 10.0.40219.1
Project("{FAE04EC0-301F-11D3-BF4B-00C04F79EFBC}") = "Linq-Join Pratik", "Linq-Join Pratik\Linq-Join Pratik.csproj", "{0D12F1E6-9E44-4C31-84DF-3050CE7A12FB}"
EndProject
Global
	GlobalSection(SolutionConfigurationPlatforms) = preSolution
		Debug|Any CPU = Debug|Any CPU
		Release|Any CPU = Release|Any CPU
	EndGlobalSection
	GlobalSection(ProjectConfigurationPlatforms) = postSolution
		{0D12F1E6-9E44-4C31-84DF-3050CE7A12FB}.Debug|Any CPU.ActiveCfg = Debug|Any CPU
		{0D12F1E6-9E44-4C31-84DF-3050CE7A12FB}.Debug|Any CPU.Build.0 = Debug|Any CPU
		{0D12F1E6-9E44-4C31-84DF-3050CE7A12FB}.Release|Any CPU.ActiveCfg = Release|Any CPU
		{0D12F1E6-9E44-4C31-84DF-3050CE7A12FB}.Release|Any CPU.Build.0 = Release|Any CPU
	EndGlobalSection
	GlobalSection(SolutionProperties) = preSolution
		HideSolutionNode = FALSE
	EndGlobalSection
	GlobalSection(ExtensibilityGlobals) = postSolution
		SolutionGuid = {C7F45EA5-606E-47D3-9A03-DB184A135C73}
	EndGlobalSection
EndGlobal
