
Microsoft Visual Studio Solution File, Format Version 12.00
# Visual Studio Version 17
VisualStudioVersion = 17.10.35027.167
MinimumVisualStudioVersion = 10.0.40219.1
Project("{FAE04EC0-301F-11D3-BF4B-00C04F79EFBC}") = "Patikaflix", "Patikaflix\Patikaflix.csproj", "{0F92F0D4-26F4-4317-813C-C5C657DF61E3}"
EndProject
Global
	GlobalSection(SolutionConfigurationPlatforms) = preSolution
		Debug|Any CPU = Debug|Any CPU
		Release|Any CPU = Release|Any CPU
	EndGlobalSection
	GlobalSection(ProjectConfigurationPlatforms) = postSolution
		{0F92F0D4-26F4-4317-813C-C5C657DF61E3}.Debug|Any CPU.ActiveCfg = Debug|Any CPU
		{0F92F0D4-26F4-4317-813C-C5C657DF61E3}.Debug|Any CPU.Build.0 = Debug|Any CPU
		{0F92F0D4-26F4-4317-813C-C5C657DF61E3}.Release|Any CPU.ActiveCfg = Release|Any CPU
		{0F92F0D4-26F4-4317-813C-C5C657DF61E3}.Release|Any CPU.Build.0 = Release|Any CPU
	EndGlobalSection
	GlobalSection(SolutionProperties) = preSolution
		HideSolutionNode = FALSE
	EndGlobalSection
	GlobalSection(ExtensibilityGlobals) = postSolution
		SolutionGuid = {A0F40817-2232-4930-A311-7A3DC5F14E45}
	EndGlobalSection
EndGlobal
