
Microsoft Visual Studio Solution File, Format Version 12.00
# Visual Studio Version 17
VisualStudioVersion = 17.10.35027.167
MinimumVisualStudioVersion = 10.0.40219.1
Project("{FAE04EC0-301F-11D3-BF4B-00C04F79EFBC}") = "Patikafy Müzik Platformu", "Patikafy Müzik Platformu\Patikafy Müzik Platformu.csproj", "{5CC0858A-9918-4088-ADDB-E49C136224D1}"
EndProject
Global
	GlobalSection(SolutionConfigurationPlatforms) = preSolution
		Debug|Any CPU = Debug|Any CPU
		Release|Any CPU = Release|Any CPU
	EndGlobalSection
	GlobalSection(ProjectConfigurationPlatforms) = postSolution
		{5CC0858A-9918-4088-ADDB-E49C136224D1}.Debug|Any CPU.ActiveCfg = Debug|Any CPU
		{5CC0858A-9918-4088-ADDB-E49C136224D1}.Debug|Any CPU.Build.0 = Debug|Any CPU
		{5CC0858A-9918-4088-ADDB-E49C136224D1}.Release|Any CPU.ActiveCfg = Release|Any CPU
		{5CC0858A-9918-4088-ADDB-E49C136224D1}.Release|Any CPU.Build.0 = Release|Any CPU
	EndGlobalSection
	GlobalSection(SolutionProperties) = preSolution
		HideSolutionNode = FALSE
	EndGlobalSection
	GlobalSection(ExtensibilityGlobals) = postSolution
		SolutionGuid = {8395529A-3411-406F-B0E8-AEEE6CDFD7A7}
	EndGlobalSection
EndGlobal
