
Microsoft Visual Studio Solution File, Format Version 12.00
# Visual Studio Version 17
VisualStudioVersion = 17.10.35027.167
MinimumVisualStudioVersion = 10.0.40219.1
Project("{FAE04EC0-301F-11D3-BF4B-00C04F79EFBC}") = "Linq Group Join", "Linq Group Join\Linq Group Join.csproj", "{11F1A6D4-D789-499F-9851-28D775849433}"
EndProject
Global
	GlobalSection(SolutionConfigurationPlatforms) = preSolution
		Debug|Any CPU = Debug|Any CPU
		Release|Any CPU = Release|Any CPU
	EndGlobalSection
	GlobalSection(ProjectConfigurationPlatforms) = postSolution
		{11F1A6D4-D789-499F-9851-28D775849433}.Debug|Any CPU.ActiveCfg = Debug|Any CPU
		{11F1A6D4-D789-499F-9851-28D775849433}.Debug|Any CPU.Build.0 = Debug|Any CPU
		{11F1A6D4-D789-499F-9851-28D775849433}.Release|Any CPU.ActiveCfg = Release|Any CPU
		{11F1A6D4-D789-499F-9851-28D775849433}.Release|Any CPU.Build.0 = Release|Any CPU
	EndGlobalSection
	GlobalSection(SolutionProperties) = preSolution
		HideSolutionNode = FALSE
	EndGlobalSection
	GlobalSection(ExtensibilityGlobals) = postSolution
		SolutionGuid = {50D8C537-EE3A-4318-965A-09F507B70333}
	EndGlobalSection
EndGlobal
